
Microsoft Visual Studio Solution File, Format Version 12.00
# Visual Studio Version 16
VisualStudioVersion = 16.0.29609.76
MinimumVisualStudioVersion = 10.0.40219.1
Project("{9A19103F-16F7-4668-BE54-9A1E7A4F7556}") = "RefactoringDemo", "RefactoringDemo\RefactoringDemo.csproj", "{13C2A6F7-3A81-4155-8FCF-4E3367CB50AD}"
EndProject
Project("{FAE04EC0-301F-11D3-BF4B-00C04F79EFBC}") = "RefactoringDemo.Tests", "RefactoringDemo.Tests\RefactoringDemo.Tests.csproj", "{5CB73B06-BFDE-4940-880E-D6CE72F6329E}"
EndProject
Global
	GlobalSection(SolutionConfigurationPlatforms) = preSolution
		Debug|Any CPU = Debug|Any CPU
		Release|Any CPU = Release|Any CPU
	EndGlobalSection
	GlobalSection(ProjectConfigurationPlatforms) = postSolution
		{13C2A6F7-3A81-4155-8FCF-4E3367CB50AD}.Debug|Any CPU.ActiveCfg = Debug|Any CPU
		{13C2A6F7-3A81-4155-8FCF-4E3367CB50AD}.Debug|Any CPU.Build.0 = Debug|Any CPU
		{13C2A6F7-3A81-4155-8FCF-4E3367CB50AD}.Release|Any CPU.ActiveCfg = Release|Any CPU
		{13C2A6F7-3A81-4155-8FCF-4E3367CB50AD}.Release|Any CPU.Build.0 = Release|Any CPU
		{5CB73B06-BFDE-4940-880E-D6CE72F6329E}.Debug|Any CPU.ActiveCfg = Debug|Any CPU
		{5CB73B06-BFDE-4940-880E-D6CE72F6329E}.Debug|Any CPU.Build.0 = Debug|Any CPU
		{5CB73B06-BFDE-4940-880E-D6CE72F6329E}.Release|Any CPU.ActiveCfg = Release|Any CPU
		{5CB73B06-BFDE-4940-880E-D6CE72F6329E}.Release|Any CPU.Build.0 = Release|Any CPU
	EndGlobalSection
	GlobalSection(SolutionProperties) = preSolution
		HideSolutionNode = FALSE
	EndGlobalSection
	GlobalSection(ExtensibilityGlobals) = postSolution
		SolutionGuid = {F266E66A-EB99-4E4D-AF86-18D5AF71014E}
	EndGlobalSection
EndGlobal
