
Microsoft Visual Studio Solution File, Format Version 12.00
# Visual Studio 15
VisualStudioVersion = 15.0.28307.168
MinimumVisualStudioVersion = 10.0.40219.1
Project("{9A19103F-16F7-4668-BE54-9A1E7A4F7556}") = "SimpleEventBusUsage.Shared", "SimpleEventBusUsage.Shared\SimpleEventBusUsage.Shared.csproj", "{FC022E28-061F-439B-9717-264687477C6B}"
EndProject
Project("{FAE04EC0-301F-11D3-BF4B-00C04F79EFBC}") = "SimpleEventBusUsage.Publisher", "SimpleEventBusUsage.Publisher\SimpleEventBusUsage.Publisher.csproj", "{C2A485E9-B949-4B0C-9CC0-F977B0BEF182}"
EndProject
Project("{FAE04EC0-301F-11D3-BF4B-00C04F79EFBC}") = "SimpleEventBusUsage.Subscriber", "SimpleEventBusUsage.Subscriber\SimpleEventBusUsage.Subscriber.csproj", "{DC99EAB5-0E6F-4018-B758-FE57B6C69425}"
EndProject
Global
	GlobalSection(SolutionConfigurationPlatforms) = preSolution
		Debug|Any CPU = Debug|Any CPU
		Release|Any CPU = Release|Any CPU
	EndGlobalSection
	GlobalSection(ProjectConfigurationPlatforms) = postSolution
		{FC022E28-061F-439B-9717-264687477C6B}.Debug|Any CPU.ActiveCfg = Debug|Any CPU
		{FC022E28-061F-439B-9717-264687477C6B}.Debug|Any CPU.Build.0 = Debug|Any CPU
		{FC022E28-061F-439B-9717-264687477C6B}.Release|Any CPU.ActiveCfg = Release|Any CPU
		{FC022E28-061F-439B-9717-264687477C6B}.Release|Any CPU.Build.0 = Release|Any CPU
		{C2A485E9-B949-4B0C-9CC0-F977B0BEF182}.Debug|Any CPU.ActiveCfg = Debug|Any CPU
		{C2A485E9-B949-4B0C-9CC0-F977B0BEF182}.Debug|Any CPU.Build.0 = Debug|Any CPU
		{C2A485E9-B949-4B0C-9CC0-F977B0BEF182}.Release|Any CPU.ActiveCfg = Release|Any CPU
		{C2A485E9-B949-4B0C-9CC0-F977B0BEF182}.Release|Any CPU.Build.0 = Release|Any CPU
		{DC99EAB5-0E6F-4018-B758-FE57B6C69425}.Debug|Any CPU.ActiveCfg = Debug|Any CPU
		{DC99EAB5-0E6F-4018-B758-FE57B6C69425}.Debug|Any CPU.Build.0 = Debug|Any CPU
		{DC99EAB5-0E6F-4018-B758-FE57B6C69425}.Release|Any CPU.ActiveCfg = Release|Any CPU
		{DC99EAB5-0E6F-4018-B758-FE57B6C69425}.Release|Any CPU.Build.0 = Release|Any CPU
	EndGlobalSection
	GlobalSection(SolutionProperties) = preSolution
		HideSolutionNode = FALSE
	EndGlobalSection
	GlobalSection(ExtensibilityGlobals) = postSolution
		SolutionGuid = {F5D16FA3-A4F3-443C-B785-516CA398A85B}
	EndGlobalSection
EndGlobal
