
Microsoft Visual Studio Solution File, Format Version 12.00
# Visual Studio 15
VisualStudioVersion = 15.0.27428.1
MinimumVisualStudioVersion = 10.0.40219.1
Project("{FAE04EC0-301F-11D3-BF4B-00C04F79EFBC}") = "MultiTenancyDraft", "MultiTenancyDraft\MultiTenancyDraft.csproj", "{C964F687-B63C-44C6-B2FF-01B2D9B6F31D}"
EndProject
Global
	GlobalSection(SolutionConfigurationPlatforms) = preSolution
		Debug|Any CPU = Debug|Any CPU
		Release|Any CPU = Release|Any CPU
	EndGlobalSection
	GlobalSection(ProjectConfigurationPlatforms) = postSolution
		{C964F687-B63C-44C6-B2FF-01B2D9B6F31D}.Debug|Any CPU.ActiveCfg = Debug|Any CPU
		{C964F687-B63C-44C6-B2FF-01B2D9B6F31D}.Debug|Any CPU.Build.0 = Debug|Any CPU
		{C964F687-B63C-44C6-B2FF-01B2D9B6F31D}.Release|Any CPU.ActiveCfg = Release|Any CPU
		{C964F687-B63C-44C6-B2FF-01B2D9B6F31D}.Release|Any CPU.Build.0 = Release|Any CPU
	EndGlobalSection
	GlobalSection(SolutionProperties) = preSolution
		HideSolutionNode = FALSE
	EndGlobalSection
	GlobalSection(ExtensibilityGlobals) = postSolution
		SolutionGuid = {AD54CF98-F9F9-4802-9021-9EEB923AFB51}
	EndGlobalSection
EndGlobal
