
Microsoft Visual Studio Solution File, Format Version 12.00
# Visual Studio Version 16
VisualStudioVersion = 16.0.30804.86
MinimumVisualStudioVersion = 10.0.40219.1
Project("{9A19103F-16F7-4668-BE54-9A1E7A4F7556}") = "KonfDemo.ServerApp", "KonfDemo.ServerApp\KonfDemo.ServerApp.csproj", "{5AA3ABDD-4904-4D3A-8F87-20C62006F221}"
EndProject
Global
	GlobalSection(SolutionConfigurationPlatforms) = preSolution
		Debug|Any CPU = Debug|Any CPU
		Release|Any CPU = Release|Any CPU
	EndGlobalSection
	GlobalSection(ProjectConfigurationPlatforms) = postSolution
		{5AA3ABDD-4904-4D3A-8F87-20C62006F221}.Debug|Any CPU.ActiveCfg = Debug|Any CPU
		{5AA3ABDD-4904-4D3A-8F87-20C62006F221}.Debug|Any CPU.Build.0 = Debug|Any CPU
		{5AA3ABDD-4904-4D3A-8F87-20C62006F221}.Release|Any CPU.ActiveCfg = Release|Any CPU
		{5AA3ABDD-4904-4D3A-8F87-20C62006F221}.Release|Any CPU.Build.0 = Release|Any CPU
	EndGlobalSection
	GlobalSection(SolutionProperties) = preSolution
		HideSolutionNode = FALSE
	EndGlobalSection
	GlobalSection(ExtensibilityGlobals) = postSolution
		SolutionGuid = {0A7DC59A-950C-4C1D-9EC1-66AC6A2F47B5}
	EndGlobalSection
EndGlobal
